// !$*UTF8*$!
{
	archiveVersion = 1;
	classes = {
	};
	objectVersion = 50;
	objects = {

/* Begin PBXBuildFile section */
		90021B4F223F565E00AF3AED /* AppDelegate.swift in Sources */ = {isa = PBXBuildFile; fileRef = 90021B4E223F565E00AF3AED /* AppDelegate.swift */; };
		90021B51223F565E00AF3AED /* ToDoListViewController.swift in Sources */ = {isa = PBXBuildFile; fileRef = 90021B50223F565E00AF3AED /* ToDoListViewController.swift */; };
		90021B54223F565E00AF3AED /* Main.storyboard in Resources */ = {isa = PBXBuildFile; fileRef = 90021B52223F565E00AF3AED /* Main.storyboard */; };
		90021B56223F565F00AF3AED /* Assets.xcassets in Resources */ = {isa = PBXBuildFile; fileRef = 90021B55223F565F00AF3AED /* Assets.xcassets */; };
		90021B59223F565F00AF3AED /* LaunchScreen.storyboard in Resources */ = {isa = PBXBuildFile; fileRef = 90021B57223F565F00AF3AED /* LaunchScreen.storyboard */; };
		90AC6FC822431FBB0095E679 /* DataModel.xcdatamodeld in Sources */ = {isa = PBXBuildFile; fileRef = 90AC6FC622431FBB0095E679 /* DataModel.xcdatamodeld */; };
		90AC6FEB2244295E0095E679 /* CategoryViewController.swift in Sources */ = {isa = PBXBuildFile; fileRef = 90AC6FEA2244295E0095E679 /* CategoryViewController.swift */; };
		A21EF204262BB24013D01BC1 /* Pods_WhatToDo.framework in Frameworks */ = {isa = PBXBuildFile; fileRef = B0140B043357BC1867630872 /* Pods_WhatToDo.framework */; };
/* End PBXBuildFile section */

/* Begin PBXFileReference section */
		2011BDDF3C4672E2FA6D27AC /* Pods-WhatToDo.release.xcconfig */ = {isa = PBXFileReference; includeInIndex = 1; lastKnownFileType = text.xcconfig; name = "Pods-WhatToDo.release.xcconfig"; path = "Target Support Files/Pods-WhatToDo/Pods-WhatToDo.release.xcconfig"; sourceTree = "<group>"; };
		83735E87EC0D38DA5E027DDF /* Pods-WhatToDo.debug.xcconfig */ = {isa = PBXFileReference; includeInIndex = 1; lastKnownFileType = text.xcconfig; name = "Pods-WhatToDo.debug.xcconfig"; path = "Target Support Files/Pods-WhatToDo/Pods-WhatToDo.debug.xcconfig"; sourceTree = "<group>"; };
		90021B4B223F565E00AF3AED /* WhatToDo.app */ = {isa = PBXFileReference; explicitFileType = wrapper.application; includeInIndex = 0; path = WhatToDo.app; sourceTree = BUILT_PRODUCTS_DIR; };
		90021B4E223F565E00AF3AED /* AppDelegate.swift */ = {isa = PBXFileReference; lastKnownFileType = sourcecode.swift; path = AppDelegate.swift; sourceTree = "<group>"; };
		90021B50223F565E00AF3AED /* ToDoListViewController.swift */ = {isa = PBXFileReference; lastKnownFileType = sourcecode.swift; path = ToDoListViewController.swift; sourceTree = "<group>"; };
		90021B53223F565E00AF3AED /* Base */ = {isa = PBXFileReference; lastKnownFileType = file.storyboard; name = Base; path = Base.lproj/Main.storyboard; sourceTree = "<group>"; };
		90021B55223F565F00AF3AED /* Assets.xcassets */ = {isa = PBXFileReference; lastKnownFileType = folder.assetcatalog; path = Assets.xcassets; sourceTree = "<group>"; };
		90021B58223F565F00AF3AED /* Base */ = {isa = PBXFileReference; lastKnownFileType = file.storyboard; name = Base; path = Base.lproj/LaunchScreen.storyboard; sourceTree = "<group>"; };
		90021B5A223F565F00AF3AED /* Info.plist */ = {isa = PBXFileReference; lastKnownFileType = text.plist.xml; path = Info.plist; sourceTree = "<group>"; };
		90AC6FC722431FBB0095E679 /* DataModel.xcdatamodel */ = {isa = PBXFileReference; lastKnownFileType = wrapper.xcdatamodel; path = DataModel.xcdatamodel; sourceTree = "<group>"; };
		90AC6FEA2244295E0095E679 /* CategoryViewController.swift */ = {isa = PBXFileReference; lastKnownFileType = sourcecode.swift; path = CategoryViewController.swift; sourceTree = "<group>"; };
		B0140B043357BC1867630872 /* Pods_WhatToDo.framework */ = {isa = PBXFileReference; explicitFileType = wrapper.framework; includeInIndex = 0; path = Pods_WhatToDo.framework; sourceTree = BUILT_PRODUCTS_DIR; };
/* End PBXFileReference section */

/* Begin PBXFrameworksBuildPhase section */
		90021B48223F565E00AF3AED /* Frameworks */ = {
			isa = PBXFrameworksBuildPhase;
			buildActionMask = 2147483647;
			files = (
				A21EF204262BB24013D01BC1 /* Pods_WhatToDo.framework in Frameworks */,
			);
			runOnlyForDeploymentPostprocessing = 0;
		};
/* End PBXFrameworksBuildPhase section */

/* Begin PBXGroup section */
		827A4404BB923077663E099F /* Pods */ = {
			isa = PBXGroup;
			children = (
				83735E87EC0D38DA5E027DDF /* Pods-WhatToDo.debug.xcconfig */,
				2011BDDF3C4672E2FA6D27AC /* Pods-WhatToDo.release.xcconfig */,
			);
			name = Pods;
			path = Pods;
			sourceTree = "<group>";
		};
		90021B42223F565E00AF3AED = {
			isa = PBXGroup;
			children = (
				90021B4D223F565E00AF3AED /* WhatToDo */,
				90021B4C223F565E00AF3AED /* Products */,
				827A4404BB923077663E099F /* Pods */,
				F82564F1E830E3B9473B3290 /* Frameworks */,
			);
			sourceTree = "<group>";
		};
		90021B4C223F565E00AF3AED /* Products */ = {
			isa = PBXGroup;
			children = (
				90021B4B223F565E00AF3AED /* WhatToDo.app */,
			);
			name = Products;
			sourceTree = "<group>";
		};
		90021B4D223F565E00AF3AED /* WhatToDo */ = {
			isa = PBXGroup;
			children = (
				90021B4E223F565E00AF3AED /* AppDelegate.swift */,
				902F4109223FFC6400D08799 /* Controllers */,
				902F4108223FFC4E00D08799 /* Data Model */,
				902F410A223FFC8000D08799 /* Views */,
				902F410B223FFC9C00D08799 /* Supporting Files */,
				90021B5A223F565F00AF3AED /* Info.plist */,
			);
			path = WhatToDo;
			sourceTree = "<group>";
		};
		902F4108223FFC4E00D08799 /* Data Model */ = {
			isa = PBXGroup;
			children = (
				90AC6FC622431FBB0095E679 /* DataModel.xcdatamodeld */,
			);
			path = "Data Model";
			sourceTree = "<group>";
		};
		902F4109223FFC6400D08799 /* Controllers */ = {
			isa = PBXGroup;
			children = (
				90AC6FEA2244295E0095E679 /* CategoryViewController.swift */,
				90021B50223F565E00AF3AED /* ToDoListViewController.swift */,
			);
			path = Controllers;
			sourceTree = "<group>";
		};
		902F410A223FFC8000D08799 /* Views */ = {
			isa = PBXGroup;
			children = (
				90021B52223F565E00AF3AED /* Main.storyboard */,
			);
			path = Views;
			sourceTree = "<group>";
		};
		902F410B223FFC9C00D08799 /* Supporting Files */ = {
			isa = PBXGroup;
			children = (
				90021B55223F565F00AF3AED /* Assets.xcassets */,
				90021B57223F565F00AF3AED /* LaunchScreen.storyboard */,
			);
			path = "Supporting Files";
			sourceTree = "<group>";
		};
		F82564F1E830E3B9473B3290 /* Frameworks */ = {
			isa = PBXGroup;
			children = (
				B0140B043357BC1867630872 /* Pods_WhatToDo.framework */,
			);
			name = Frameworks;
			sourceTree = "<group>";
		};
/* End PBXGroup section */

/* Begin PBXNativeTarget section */
		90021B4A223F565E00AF3AED /* WhatToDo */ = {
			isa = PBXNativeTarget;
			buildConfigurationList = 90021B5D223F565F00AF3AED /* Build configuration list for PBXNativeTarget "WhatToDo" */;
			buildPhases = (
				73A7D0C8FA33E62C4D40936C /* [CP] Check Pods Manifest.lock */,
				90021B47223F565E00AF3AED /* Sources */,
				90021B48223F565E00AF3AED /* Frameworks */,
				90021B49223F565E00AF3AED /* Resources */,
				56ED6B12383F53F1A1C2FBF2 /* [CP] Embed Pods Frameworks */,
			);
			buildRules = (
			);
			dependencies = (
			);
			name = WhatToDo;
			productName = WhatToDo;
			productReference = 90021B4B223F565E00AF3AED /* WhatToDo.app */;
			productType = "com.apple.product-type.application";
		};
/* End PBXNativeTarget section */

/* Begin PBXProject section */
		90021B43223F565E00AF3AED /* Project object */ = {
			isa = PBXProject;
			attributes = {
				LastSwiftUpdateCheck = 1010;
				LastUpgradeCheck = 1010;
				ORGANIZATIONNAME = Darinholic;
				TargetAttributes = {
					90021B4A223F565E00AF3AED = {
						CreatedOnToolsVersion = 10.1;
					};
				};
			};
			buildConfigurationList = 90021B46223F565E00AF3AED /* Build configuration list for PBXProject "WhatToDo" */;
			compatibilityVersion = "Xcode 9.3";
			developmentRegion = en;
			hasScannedForEncodings = 0;
			knownRegions = (
				en,
				Base,
			);
			mainGroup = 90021B42223F565E00AF3AED;
			productRefGroup = 90021B4C223F565E00AF3AED /* Products */;
			projectDirPath = "";
			projectRoot = "";
			targets = (
				90021B4A223F565E00AF3AED /* WhatToDo */,
			);
		};
/* End PBXProject section */

/* Begin PBXResourcesBuildPhase section */
		90021B49223F565E00AF3AED /* Resources */ = {
			isa = PBXResourcesBuildPhase;
			buildActionMask = 2147483647;
			files = (
				90021B59223F565F00AF3AED /* LaunchScreen.storyboard in Resources */,
				90021B56223F565F00AF3AED /* Assets.xcassets in Resources */,
				90021B54223F565E00AF3AED /* Main.storyboard in Resources */,
			);
			runOnlyForDeploymentPostprocessing = 0;
		};
/* End PBXResourcesBuildPhase section */

/* Begin PBXShellScriptBuildPhase section */
		56ED6B12383F53F1A1C2FBF2 /* [CP] Embed Pods Frameworks */ = {
			isa = PBXShellScriptBuildPhase;
			buildActionMask = 2147483647;
			files = (
			);
			inputFileListPaths = (
			);
			inputPaths = (
				"${PODS_ROOT}/Target Support Files/Pods-WhatToDo/Pods-WhatToDo-frameworks.sh",
				"${BUILT_PRODUCTS_DIR}/Realm/Realm.framework",
				"${BUILT_PRODUCTS_DIR}/RealmSwift/RealmSwift.framework",
			);
			name = "[CP] Embed Pods Frameworks";
			outputFileListPaths = (
			);
			outputPaths = (
				"${TARGET_BUILD_DIR}/${FRAMEWORKS_FOLDER_PATH}/Realm.framework",
				"${TARGET_BUILD_DIR}/${FRAMEWORKS_FOLDER_PATH}/RealmSwift.framework",
			);
			runOnlyForDeploymentPostprocessing = 0;
			shellPath = /bin/sh;
			shellScript = "\"${PODS_ROOT}/Target Support Files/Pods-WhatToDo/Pods-WhatToDo-frameworks.sh\"\n";
			showEnvVarsInLog = 0;
		};
		73A7D0C8FA33E62C4D40936C /* [CP] Check Pods Manifest.lock */ = {
			isa = PBXShellScriptBuildPhase;
			buildActionMask = 2147483647;
			files = (
			);
			inputFileListPaths = (
			);
			inputPaths = (
				"${PODS_PODFILE_DIR_PATH}/Podfile.lock",
				"${PODS_ROOT}/Manifest.lock",
			);
			name = "[CP] Check Pods Manifest.lock";
			outputFileListPaths = (
			);
			outputPaths = (
				"$(DERIVED_FILE_DIR)/Pods-WhatToDo-checkManifestLockResult.txt",
			);
			runOnlyForDeploymentPostprocessing = 0;
			shellPath = /bin/sh;
			shellScript = "diff \"${PODS_PODFILE_DIR_PATH}/Podfile.lock\" \"${PODS_ROOT}/Manifest.lock\" > /dev/null\nif [ $? != 0 ] ; then\n    # print error to STDERR\n    echo \"error: The sandbox is not in sync with the Podfile.lock. Run 'pod install' or update your CocoaPods installation.\" >&2\n    exit 1\nfi\n# This output is used by Xcode 'outputs' to avoid re-running this script phase.\necho \"SUCCESS\" > \"${SCRIPT_OUTPUT_FILE_0}\"\n";
			showEnvVarsInLog = 0;
		};
/* End PBXShellScriptBuildPhase section */

/* Begin PBXSourcesBuildPhase section */
		90021B47223F565E00AF3AED /* Sources */ = {
			isa = PBXSourcesBuildPhase;
			buildActionMask = 2147483647;
			files = (
				90AC6FEB2244295E0095E679 /* CategoryViewController.swift in Sources */,
				90021B51223F565E00AF3AED /* ToDoListViewController.swift in Sources */,
				90AC6FC822431FBB0095E679 /* DataModel.xcdatamodeld in Sources */,
				90021B4F223F565E00AF3AED /* AppDelegate.swift in Sources */,
			);
			runOnlyForDeploymentPostprocessing = 0;
		};
/* End PBXSourcesBuildPhase section */

/* Begin PBXVariantGroup section */
		90021B52223F565E00AF3AED /* Main.storyboard */ = {
			isa = PBXVariantGroup;
			children = (
				90021B53223F565E00AF3AED /* Base */,
			);
			name = Main.storyboard;
			sourceTree = "<group>";
		};
		90021B57223F565F00AF3AED /* LaunchScreen.storyboard */ = {
			isa = PBXVariantGroup;
			children = (
				90021B58223F565F00AF3AED /* Base */,
			);
			name = LaunchScreen.storyboard;
			sourceTree = "<group>";
		};
/* End PBXVariantGroup section */

/* Begin XCBuildConfiguration section */
		90021B5B223F565F00AF3AED /* Debug */ = {
			isa = XCBuildConfiguration;
			buildSettings = {
				ALWAYS_SEARCH_USER_PATHS = NO;
				CLANG_ANALYZER_NONNULL = YES;
				CLANG_ANALYZER_NUMBER_OBJECT_CONVERSION = YES_AGGRESSIVE;
				CLANG_CXX_LANGUAGE_STANDARD = "gnu++14";
				CLANG_CXX_LIBRARY = "libc++";
				CLANG_ENABLE_MODULES = YES;
				CLANG_ENABLE_OBJC_ARC = YES;
				CLANG_ENABLE_OBJC_WEAK = YES;
				CLANG_WARN_BLOCK_CAPTURE_AUTORELEASING = YES;
				CLANG_WARN_BOOL_CONVERSION = YES;
				CLANG_WARN_COMMA = YES;
				CLANG_WARN_CONSTANT_CONVERSION = YES;
				CLANG_WARN_DEPRECATED_OBJC_IMPLEMENTATIONS = YES;
				CLANG_WARN_DIRECT_OBJC_ISA_USAGE = YES_ERROR;
				CLANG_WARN_DOCUMENTATION_COMMENTS = YES;
				CLANG_WARN_EMPTY_BODY = YES;
				CLANG_WARN_ENUM_CONVERSION = YES;
				CLANG_WARN_INFINITE_RECURSION = YES;
				CLANG_WARN_INT_CONVERSION = YES;
				CLANG_WARN_NON_LITERAL_NULL_CONVERSION = YES;
				CLANG_WARN_OBJC_IMPLICIT_RETAIN_SELF = YES;
				CLANG_WARN_OBJC_LITERAL_CONVERSION = YES;
				CLANG_WARN_OBJC_ROOT_CLASS = YES_ERROR;
				CLANG_WARN_RANGE_LOOP_ANALYSIS = YES;
				CLANG_WARN_STRICT_PROTOTYPES = YES;
				CLANG_WARN_SUSPICIOUS_MOVE = YES;
				CLANG_WARN_UNGUARDED_AVAILABILITY = YES_AGGRESSIVE;
				CLANG_WARN_UNREACHABLE_CODE = YES;
				CLANG_WARN__DUPLICATE_METHOD_MATCH = YES;
				CODE_SIGN_IDENTITY = "iPhone Developer";
				COPY_PHASE_STRIP = NO;
				DEBUG_INFORMATION_FORMAT = dwarf;
				ENABLE_STRICT_OBJC_MSGSEND = YES;
				ENABLE_TESTABILITY = YES;
				GCC_C_LANGUAGE_STANDARD = gnu11;
				GCC_DYNAMIC_NO_PIC = NO;
				GCC_NO_COMMON_BLOCKS = YES;
				GCC_OPTIMIZATION_LEVEL = 0;
				GCC_PREPROCESSOR_DEFINITIONS = (
					"DEBUG=1",
					"$(inherited)",
				);
				GCC_WARN_64_TO_32_BIT_CONVERSION = YES;
				GCC_WARN_ABOUT_RETURN_TYPE = YES_ERROR;
				GCC_WARN_UNDECLARED_SELECTOR = YES;
				GCC_WARN_UNINITIALIZED_AUTOS = YES_AGGRESSIVE;
				GCC_WARN_UNUSED_FUNCTION = YES;
				GCC_WARN_UNUSED_VARIABLE = YES;
				IPHONEOS_DEPLOYMENT_TARGET = 12.1;
				MTL_ENABLE_DEBUG_INFO = INCLUDE_SOURCE;
				MTL_FAST_MATH = YES;
				ONLY_ACTIVE_ARCH = YES;
				SDKROOT = iphoneos;
				SWIFT_ACTIVE_COMPILATION_CONDITIONS = DEBUG;
				SWIFT_OPTIMIZATION_LEVEL = "-Onone";
			};
			name = Debug;
		};
		90021B5C223F565F00AF3AED /* Release */ = {
			isa = XCBuildConfiguration;
			buildSettings = {
				ALWAYS_SEARCH_USER_PATHS = NO;
				CLANG_ANALYZER_NONNULL = YES;
				CLANG_ANALYZER_NUMBER_OBJECT_CONVERSION = YES_AGGRESSIVE;
				CLANG_CXX_LANGUAGE_STANDARD = "gnu++14";
				CLANG_CXX_LIBRARY = "libc++";
				CLANG_ENABLE_MODULES = YES;
				CLANG_ENABLE_OBJC_ARC = YES;
				CLANG_ENABLE_OBJC_WEAK = YES;
				CLANG_WARN_BLOCK_CAPTURE_AUTORELEASING = YES;
				CLANG_WARN_BOOL_CONVERSION = YES;
				CLANG_WARN_COMMA = YES;
				CLANG_WARN_CONSTANT_CONVERSION = YES;
				CLANG_WARN_DEPRECATED_OBJC_IMPLEMENTATIONS = YES;
				CLANG_WARN_DIRECT_OBJC_ISA_USAGE = YES_ERROR;
				CLANG_WARN_DOCUMENTATION_COMMENTS = YES;
				CLANG_WARN_EMPTY_BODY = YES;
				CLANG_WARN_ENUM_CONVERSION = YES;
				CLANG_WARN_INFINITE_RECURSION = YES;
				CLANG_WARN_INT_CONVERSION = YES;
				CLANG_WARN_NON_LITERAL_NULL_CONVERSION = YES;
				CLANG_WARN_OBJC_IMPLICIT_RETAIN_SELF = YES;
				CLANG_WARN_OBJC_LITERAL_CONVERSION = YES;
				CLANG_WARN_OBJC_ROOT_CLASS = YES_ERROR;
				CLANG_WARN_RANGE_LOOP_ANALYSIS = YES;
				CLANG_WARN_STRICT_PROTOTYPES = YES;
				CLANG_WARN_SUSPICIOUS_MOVE = YES;
				CLANG_WARN_UNGUARDED_AVAILABILITY = YES_AGGRESSIVE;
				CLANG_WARN_UNREACHABLE_CODE = YES;
				CLANG_WARN__DUPLICATE_METHOD_MATCH = YES;
				CODE_SIGN_IDENTITY = "iPhone Developer";
				COPY_PHASE_STRIP = NO;
				DEBUG_INFORMATION_FORMAT = "dwarf-with-dsym";
				ENABLE_NS_ASSERTIONS = NO;
				ENABLE_STRICT_OBJC_MSGSEND = YES;
				GCC_C_LANGUAGE_STANDARD = gnu11;
				GCC_NO_COMMON_BLOCKS = YES;
				GCC_WARN_64_TO_32_BIT_CONVERSION = YES;
				GCC_WARN_ABOUT_RETURN_TYPE = YES_ERROR;
				GCC_WARN_UNDECLARED_SELECTOR = YES;
				GCC_WARN_UNINITIALIZED_AUTOS = YES_AGGRESSIVE;
				GCC_WARN_UNUSED_FUNCTION = YES;
				GCC_WARN_UNUSED_VARIABLE = YES;
				IPHONEOS_DEPLOYMENT_TARGET = 12.1;
				MTL_ENABLE_DEBUG_INFO = NO;
				MTL_FAST_MATH = YES;
				SDKROOT = iphoneos;
				SWIFT_COMPILATION_MODE = wholemodule;
				SWIFT_OPTIMIZATION_LEVEL = "-O";
				VALIDATE_PRODUCT = YES;
			};
			name = Release;
		};
		90021B5E223F565F00AF3AED /* Debug */ = {
			isa = XCBuildConfiguration;
			baseConfigurationReference = 83735E87EC0D38DA5E027DDF /* Pods-WhatToDo.debug.xcconfig */;
			buildSettings = {
				ASSETCATALOG_COMPILER_APPICON_NAME = AppIcon;
				CODE_SIGN_STYLE = Automatic;
				DEVELOPMENT_TEAM = Q7UTURTVAT;
				INFOPLIST_FILE = WhatToDo/Info.plist;
				LD_RUNPATH_SEARCH_PATHS = (
					"$(inherited)",
					"@executable_path/Frameworks",
				);
				PRODUCT_BUNDLE_IDENTIFIER = com.darinholic.WhatToDo;
				PRODUCT_NAME = "$(TARGET_NAME)";
				SWIFT_VERSION = 4.2;
				TARGETED_DEVICE_FAMILY = "1,2";
			};
			name = Debug;
		};
		90021B5F223F565F00AF3AED /* Release */ = {
			isa = XCBuildConfiguration;
			baseConfigurationReference = 2011BDDF3C4672E2FA6D27AC /* Pods-WhatToDo.release.xcconfig */;
			buildSettings = {
				ASSETCATALOG_COMPILER_APPICON_NAME = AppIcon;
				CODE_SIGN_STYLE = Automatic;
				DEVELOPMENT_TEAM = Q7UTURTVAT;
				INFOPLIST_FILE = WhatToDo/Info.plist;
				LD_RUNPATH_SEARCH_PATHS = (
					"$(inherited)",
					"@executable_path/Frameworks",
				);
				PRODUCT_BUNDLE_IDENTIFIER = com.darinholic.WhatToDo;
				PRODUCT_NAME = "$(TARGET_NAME)";
				SWIFT_VERSION = 4.2;
				TARGETED_DEVICE_FAMILY = "1,2";
			};
			name = Release;
		};
/* End XCBuildConfiguration section */

/* Begin XCConfigurationList section */
		90021B46223F565E00AF3AED /* Build configuration list for PBXProject "WhatToDo" */ = {
			isa = XCConfigurationList;
			buildConfigurations = (
				90021B5B223F565F00AF3AED /* Debug */,
				90021B5C223F565F00AF3AED /* Release */,
			);
			defaultConfigurationIsVisible = 0;
			defaultConfigurationName = Release;
		};
		90021B5D223F565F00AF3AED /* Build configuration list for PBXNativeTarget "WhatToDo" */ = {
			isa = XCConfigurationList;
			buildConfigurations = (
				90021B5E223F565F00AF3AED /* Debug */,
				90021B5F223F565F00AF3AED /* Release */,
			);
			defaultConfigurationIsVisible = 0;
			defaultConfigurationName = Release;
		};
/* End XCConfigurationList section */

/* Begin XCVersionGroup section */
		90AC6FC622431FBB0095E679 /* DataModel.xcdatamodeld */ = {
			isa = XCVersionGroup;
			children = (
				90AC6FC722431FBB0095E679 /* DataModel.xcdatamodel */,
			);
			currentVersion = 90AC6FC722431FBB0095E679 /* DataModel.xcdatamodel */;
			path = DataModel.xcdatamodeld;
			sourceTree = "<group>";
			versionGroupType = wrapper.xcdatamodel;
		};
/* End XCVersionGroup section */
	};
	rootObject = 90021B43223F565E00AF3AED /* Project object */;
}
